# This file is automatically @generated by Cargo.
# It is not intended for manual editing.
version = 4

[[package]]
name = "day3"
version = "0.1.0"
dependencies = [
 "errors",
]

[[package]]
name = "errors"
version = "0.0.0"
source = "registry+https://github.com/rust-lang/crates.io-index"
checksum = "9cc8f9d4786814e07226d4e49555dc1b0bac1f31986dd88366f2602d54b77f1f"
